// !$*UTF8*$!
{
	archiveVersion = 1;
	classes = {
	};
	objectVersion = 46;
	objects = {

/* Begin PBXBuildFile section */
		F352DB681A4F9C8000F70099 /* MoreTableViewController.swift in Sources */ = {isa = PBXBuildFile; fileRef = F352DB671A4F9C8000F70099 /* MoreTableViewController.swift */; };
		F39CB0A91A4A430B00DB7F4A /* RecentsViewController.swift in Sources */ = {isa = PBXBuildFile; fileRef = F39CB0A81A4A430B00DB7F4A /* RecentsViewController.swift */; };
		F39CB0AB1A4A732500DB7F4A /* MoreViewController.swift in Sources */ = {isa = PBXBuildFile; fileRef = F39CB0AA1A4A732500DB7F4A /* MoreViewController.swift */; };
		F39CB0AD1A4A846900DB7F4A /* AudioToolbox.framework in Frameworks */ = {isa = PBXBuildFile; fileRef = F39CB0AC1A4A846900DB7F4A /* AudioToolbox.framework */; };
		F39CB0AF1A4A846D00DB7F4A /* CFNetwork.framework in Frameworks */ = {isa = PBXBuildFile; fileRef = F39CB0AE1A4A846D00DB7F4A /* CFNetwork.framework */; };
		F39CB0B11A4A847400DB7F4A /* CoreGraphics.framework in Frameworks */ = {isa = PBXBuildFile; fileRef = F39CB0B01A4A847400DB7F4A /* CoreGraphics.framework */; };
		F39CB0B31A4A847D00DB7F4A /* CoreLocation.framework in Frameworks */ = {isa = PBXBuildFile; fileRef = F39CB0B21A4A847D00DB7F4A /* CoreLocation.framework */; };
		F39CB0B51A4A848800DB7F4A /* libz.dylib in Frameworks */ = {isa = PBXBuildFile; fileRef = F39CB0B41A4A848800DB7F4A /* libz.dylib */; };
		F39CB0B71A4A848D00DB7F4A /* MobileCoreServices.framework in Frameworks */ = {isa = PBXBuildFile; fileRef = F39CB0B61A4A848D00DB7F4A /* MobileCoreServices.framework */; };
		F39CB0B91A4A849300DB7F4A /* QuartzCore.framework in Frameworks */ = {isa = PBXBuildFile; fileRef = F39CB0B81A4A849300DB7F4A /* QuartzCore.framework */; };
		F39CB0BB1A4A849800DB7F4A /* Security.framework in Frameworks */ = {isa = PBXBuildFile; fileRef = F39CB0BA1A4A849800DB7F4A /* Security.framework */; };
		F39CB0BD1A4A849F00DB7F4A /* StoreKit.framework in Frameworks */ = {isa = PBXBuildFile; fileRef = F39CB0BC1A4A849F00DB7F4A /* StoreKit.framework */; };
		F39CB0BF1A4A84A700DB7F4A /* SystemConfiguration.framework in Frameworks */ = {isa = PBXBuildFile; fileRef = F39CB0BE1A4A84A700DB7F4A /* SystemConfiguration.framework */; };
		F39CB0C11A4A84F300DB7F4A /* Parse.framework in Frameworks */ = {isa = PBXBuildFile; fileRef = F39CB0C01A4A84F300DB7F4A /* Parse.framework */; };
		F39CB0C31A4A911A00DB7F4A /* libsqlite3.dylib in Frameworks */ = {isa = PBXBuildFile; fileRef = F39CB0C21A4A911A00DB7F4A /* libsqlite3.dylib */; };
		F39CB0C51A4A917D00DB7F4A /* Bolts.framework in Frameworks */ = {isa = PBXBuildFile; fileRef = F39CB0C41A4A917D00DB7F4A /* Bolts.framework */; };
		F3B62C9F1A48F2040029E303 /* AppDelegate.swift in Sources */ = {isa = PBXBuildFile; fileRef = F3B62C9E1A48F2040029E303 /* AppDelegate.swift */; };
		F3B62CA11A48F2040029E303 /* FirstViewController.swift in Sources */ = {isa = PBXBuildFile; fileRef = F3B62CA01A48F2040029E303 /* FirstViewController.swift */; };
		F3B62CA61A48F2040029E303 /* Main.storyboard in Resources */ = {isa = PBXBuildFile; fileRef = F3B62CA41A48F2040029E303 /* Main.storyboard */; };
		F3B62CA81A48F2040029E303 /* Images.xcassets in Resources */ = {isa = PBXBuildFile; fileRef = F3B62CA71A48F2040029E303 /* Images.xcassets */; };
		F3B62CAB1A48F2040029E303 /* LaunchScreen.xib in Resources */ = {isa = PBXBuildFile; fileRef = F3B62CA91A48F2040029E303 /* LaunchScreen.xib */; };
		F3B62CB71A48F2040029E303 /* PocketKnockitTests.swift in Sources */ = {isa = PBXBuildFile; fileRef = F3B62CB61A48F2040029E303 /* PocketKnockitTests.swift */; };
		F3B62CC11A48F2B40029E303 /* HomeViewController.swift in Sources */ = {isa = PBXBuildFile; fileRef = F3B62CC01A48F2B40029E303 /* HomeViewController.swift */; };
		F3B62CC71A49495C0029E303 /* ContactsViewController.swift in Sources */ = {isa = PBXBuildFile; fileRef = F3B62CC61A49495C0029E303 /* ContactsViewController.swift */; };
		F3B62CC91A494E810029E303 /* ContactTableViewCell.swift in Sources */ = {isa = PBXBuildFile; fileRef = F3B62CC81A494E810029E303 /* ContactTableViewCell.swift */; };
		F3EABAFB1A4BCE7400BCB5A5 /* AddFriendViewController.swift in Sources */ = {isa = PBXBuildFile; fileRef = F3EABAFA1A4BCE7400BCB5A5 /* AddFriendViewController.swift */; };
/* End PBXBuildFile section */

/* Begin PBXContainerItemProxy section */
		F3B62CB11A48F2040029E303 /* PBXContainerItemProxy */ = {
			isa = PBXContainerItemProxy;
			containerPortal = F3B62C911A48F2030029E303 /* Project object */;
			proxyType = 1;
			remoteGlobalIDString = F3B62C981A48F2030029E303;
			remoteInfo = PocketKnockit;
		};
/* End PBXContainerItemProxy section */

/* Begin PBXFileReference section */
		F352DB671A4F9C8000F70099 /* MoreTableViewController.swift */ = {isa = PBXFileReference; fileEncoding = 4; lastKnownFileType = sourcecode.swift; path = MoreTableViewController.swift; sourceTree = "<group>"; };
		F39CB0A81A4A430B00DB7F4A /* RecentsViewController.swift */ = {isa = PBXFileReference; fileEncoding = 4; lastKnownFileType = sourcecode.swift; path = RecentsViewController.swift; sourceTree = "<group>"; };
		F39CB0AA1A4A732500DB7F4A /* MoreViewController.swift */ = {isa = PBXFileReference; fileEncoding = 4; lastKnownFileType = sourcecode.swift; path = MoreViewController.swift; sourceTree = "<group>"; };
		F39CB0AC1A4A846900DB7F4A /* AudioToolbox.framework */ = {isa = PBXFileReference; lastKnownFileType = wrapper.framework; name = AudioToolbox.framework; path = System/Library/Frameworks/AudioToolbox.framework; sourceTree = SDKROOT; };
		F39CB0AE1A4A846D00DB7F4A /* CFNetwork.framework */ = {isa = PBXFileReference; lastKnownFileType = wrapper.framework; name = CFNetwork.framework; path = System/Library/Frameworks/CFNetwork.framework; sourceTree = SDKROOT; };
		F39CB0B01A4A847400DB7F4A /* CoreGraphics.framework */ = {isa = PBXFileReference; lastKnownFileType = wrapper.framework; name = CoreGraphics.framework; path = System/Library/Frameworks/CoreGraphics.framework; sourceTree = SDKROOT; };
		F39CB0B21A4A847D00DB7F4A /* CoreLocation.framework */ = {isa = PBXFileReference; lastKnownFileType = wrapper.framework; name = CoreLocation.framework; path = System/Library/Frameworks/CoreLocation.framework; sourceTree = SDKROOT; };
		F39CB0B41A4A848800DB7F4A /* libz.dylib */ = {isa = PBXFileReference; lastKnownFileType = "compiled.mach-o.dylib"; name = libz.dylib; path = usr/lib/libz.dylib; sourceTree = SDKROOT; };
		F39CB0B61A4A848D00DB7F4A /* MobileCoreServices.framework */ = {isa = PBXFileReference; lastKnownFileType = wrapper.framework; name = MobileCoreServices.framework; path = System/Library/Frameworks/MobileCoreServices.framework; sourceTree = SDKROOT; };
		F39CB0B81A4A849300DB7F4A /* QuartzCore.framework */ = {isa = PBXFileReference; lastKnownFileType = wrapper.framework; name = QuartzCore.framework; path = System/Library/Frameworks/QuartzCore.framework; sourceTree = SDKROOT; };
		F39CB0BA1A4A849800DB7F4A /* Security.framework */ = {isa = PBXFileReference; lastKnownFileType = wrapper.framework; name = Security.framework; path = System/Library/Frameworks/Security.framework; sourceTree = SDKROOT; };
		F39CB0BC1A4A849F00DB7F4A /* StoreKit.framework */ = {isa = PBXFileReference; lastKnownFileType = wrapper.framework; name = StoreKit.framework; path = System/Library/Frameworks/StoreKit.framework; sourceTree = SDKROOT; };
		F39CB0BE1A4A84A700DB7F4A /* SystemConfiguration.framework */ = {isa = PBXFileReference; lastKnownFileType = wrapper.framework; name = SystemConfiguration.framework; path = System/Library/Frameworks/SystemConfiguration.framework; sourceTree = SDKROOT; };
		F39CB0C01A4A84F300DB7F4A /* Parse.framework */ = {isa = PBXFileReference; lastKnownFileType = wrapper.framework; path = Parse.framework; sourceTree = "<group>"; };
		F39CB0C21A4A911A00DB7F4A /* libsqlite3.dylib */ = {isa = PBXFileReference; lastKnownFileType = "compiled.mach-o.dylib"; name = libsqlite3.dylib; path = usr/lib/libsqlite3.dylib; sourceTree = SDKROOT; };
		F39CB0C41A4A917D00DB7F4A /* Bolts.framework */ = {isa = PBXFileReference; lastKnownFileType = wrapper.framework; path = Bolts.framework; sourceTree = "<group>"; };
		F3B62C991A48F2030029E303 /* PocketKnockit.app */ = {isa = PBXFileReference; explicitFileType = wrapper.application; includeInIndex = 0; path = PocketKnockit.app; sourceTree = BUILT_PRODUCTS_DIR; };
		F3B62C9D1A48F2040029E303 /* Info.plist */ = {isa = PBXFileReference; lastKnownFileType = text.plist.xml; path = Info.plist; sourceTree = "<group>"; };
		F3B62C9E1A48F2040029E303 /* AppDelegate.swift */ = {isa = PBXFileReference; lastKnownFileType = sourcecode.swift; path = AppDelegate.swift; sourceTree = "<group>"; };
		F3B62CA01A48F2040029E303 /* FirstViewController.swift */ = {isa = PBXFileReference; lastKnownFileType = sourcecode.swift; path = FirstViewController.swift; sourceTree = "<group>"; };
		F3B62CA51A48F2040029E303 /* Base */ = {isa = PBXFileReference; lastKnownFileType = file.storyboard; name = Base; path = Base.lproj/Main.storyboard; sourceTree = "<group>"; };
		F3B62CA71A48F2040029E303 /* Images.xcassets */ = {isa = PBXFileReference; lastKnownFileType = folder.assetcatalog; path = Images.xcassets; sourceTree = "<group>"; };
		F3B62CAA1A48F2040029E303 /* Base */ = {isa = PBXFileReference; lastKnownFileType = file.xib; name = Base; path = Base.lproj/LaunchScreen.xib; sourceTree = "<group>"; };
		F3B62CB01A48F2040029E303 /* PocketKnockitTests.xctest */ = {isa = PBXFileReference; explicitFileType = wrapper.cfbundle; includeInIndex = 0; path = PocketKnockitTests.xctest; sourceTree = BUILT_PRODUCTS_DIR; };
		F3B62CB51A48F2040029E303 /* Info.plist */ = {isa = PBXFileReference; lastKnownFileType = text.plist.xml; path = Info.plist; sourceTree = "<group>"; };
		F3B62CB61A48F2040029E303 /* PocketKnockitTests.swift */ = {isa = PBXFileReference; lastKnownFileType = sourcecode.swift; path = PocketKnockitTests.swift; sourceTree = "<group>"; };
		F3B62CC01A48F2B40029E303 /* HomeViewController.swift */ = {isa = PBXFileReference; fileEncoding = 4; lastKnownFileType = sourcecode.swift; path = HomeViewController.swift; sourceTree = "<group>"; };
		F3B62CC31A493CAB0029E303 /* PocketKnockit-Bridging-Header.h */ = {isa = PBXFileReference; lastKnownFileType = sourcecode.c.h; path = "PocketKnockit-Bridging-Header.h"; sourceTree = "<group>"; };
		F3B62CC61A49495C0029E303 /* ContactsViewController.swift */ = {isa = PBXFileReference; fileEncoding = 4; lastKnownFileType = sourcecode.swift; path = ContactsViewController.swift; sourceTree = "<group>"; };
		F3B62CC81A494E810029E303 /* ContactTableViewCell.swift */ = {isa = PBXFileReference; fileEncoding = 4; lastKnownFileType = sourcecode.swift; path = ContactTableViewCell.swift; sourceTree = "<group>"; };
		F3EABAFA1A4BCE7400BCB5A5 /* AddFriendViewController.swift */ = {isa = PBXFileReference; fileEncoding = 4; lastKnownFileType = sourcecode.swift; path = AddFriendViewController.swift; sourceTree = "<group>"; };
/* End PBXFileReference section */

/* Begin PBXFrameworksBuildPhase section */
		F3B62C961A48F2030029E303 /* Frameworks */ = {
			isa = PBXFrameworksBuildPhase;
			buildActionMask = 2147483647;
			files = (
				F39CB0C31A4A911A00DB7F4A /* libsqlite3.dylib in Frameworks */,
				F39CB0BF1A4A84A700DB7F4A /* SystemConfiguration.framework in Frameworks */,
				F39CB0BD1A4A849F00DB7F4A /* StoreKit.framework in Frameworks */,
				F39CB0BB1A4A849800DB7F4A /* Security.framework in Frameworks */,
				F39CB0B91A4A849300DB7F4A /* QuartzCore.framework in Frameworks */,
				F39CB0B71A4A848D00DB7F4A /* MobileCoreServices.framework in Frameworks */,
				F39CB0B51A4A848800DB7F4A /* libz.dylib in Frameworks */,
				F39CB0C51A4A917D00DB7F4A /* Bolts.framework in Frameworks */,
				F39CB0C11A4A84F300DB7F4A /* Parse.framework in Frameworks */,
				F39CB0B31A4A847D00DB7F4A /* CoreLocation.framework in Frameworks */,
				F39CB0B11A4A847400DB7F4A /* CoreGraphics.framework in Frameworks */,
				F39CB0AF1A4A846D00DB7F4A /* CFNetwork.framework in Frameworks */,
				F39CB0AD1A4A846900DB7F4A /* AudioToolbox.framework in Frameworks */,
			);
			runOnlyForDeploymentPostprocessing = 0;
		};
		F3B62CAD1A48F2040029E303 /* Frameworks */ = {
			isa = PBXFrameworksBuildPhase;
			buildActionMask = 2147483647;
			files = (
			);
			runOnlyForDeploymentPostprocessing = 0;
		};
/* End PBXFrameworksBuildPhase section */

/* Begin PBXGroup section */
		F3B62C901A48F2030029E303 = {
			isa = PBXGroup;
			children = (
				F39CB0C41A4A917D00DB7F4A /* Bolts.framework */,
				F39CB0C21A4A911A00DB7F4A /* libsqlite3.dylib */,
				F39CB0C01A4A84F300DB7F4A /* Parse.framework */,
				F39CB0BE1A4A84A700DB7F4A /* SystemConfiguration.framework */,
				F39CB0BC1A4A849F00DB7F4A /* StoreKit.framework */,
				F39CB0BA1A4A849800DB7F4A /* Security.framework */,
				F39CB0B81A4A849300DB7F4A /* QuartzCore.framework */,
				F39CB0B61A4A848D00DB7F4A /* MobileCoreServices.framework */,
				F39CB0B41A4A848800DB7F4A /* libz.dylib */,
				F39CB0B21A4A847D00DB7F4A /* CoreLocation.framework */,
				F39CB0B01A4A847400DB7F4A /* CoreGraphics.framework */,
				F39CB0AE1A4A846D00DB7F4A /* CFNetwork.framework */,
				F39CB0AC1A4A846900DB7F4A /* AudioToolbox.framework */,
				F3B62C9B1A48F2030029E303 /* PocketKnockit */,
				F3B62CB31A48F2040029E303 /* PocketKnockitTests */,
				F3B62C9A1A48F2030029E303 /* Products */,
				F3B62CC31A493CAB0029E303 /* PocketKnockit-Bridging-Header.h */,
			);
			sourceTree = "<group>";
		};
		F3B62C9A1A48F2030029E303 /* Products */ = {
			isa = PBXGroup;
			children = (
				F3B62C991A48F2030029E303 /* PocketKnockit.app */,
				F3B62CB01A48F2040029E303 /* PocketKnockitTests.xctest */,
			);
			name = Products;
			sourceTree = "<group>";
		};
		F3B62C9B1A48F2030029E303 /* PocketKnockit */ = {
			isa = PBXGroup;
			children = (
				F3B62C9E1A48F2040029E303 /* AppDelegate.swift */,
				F3B62CA01A48F2040029E303 /* FirstViewController.swift */,
				F3B62CC01A48F2B40029E303 /* HomeViewController.swift */,
				F3B62CA41A48F2040029E303 /* Main.storyboard */,
				F3EABAFA1A4BCE7400BCB5A5 /* AddFriendViewController.swift */,
				F39CB0AA1A4A732500DB7F4A /* MoreViewController.swift */,
				F352DB671A4F9C8000F70099 /* MoreTableViewController.swift */,
				F3B62CC61A49495C0029E303 /* ContactsViewController.swift */,
				F39CB0A81A4A430B00DB7F4A /* RecentsViewController.swift */,
				F3B62CC81A494E810029E303 /* ContactTableViewCell.swift */,
				F3B62CA71A48F2040029E303 /* Images.xcassets */,
				F3B62CA91A48F2040029E303 /* LaunchScreen.xib */,
				F3B62C9C1A48F2040029E303 /* Supporting Files */,
			);
			path = PocketKnockit;
			sourceTree = "<group>";
		};
		F3B62C9C1A48F2040029E303 /* Supporting Files */ = {
			isa = PBXGroup;
			children = (
				F3B62C9D1A48F2040029E303 /* Info.plist */,
			);
			name = "Supporting Files";
			sourceTree = "<group>";
		};
		F3B62CB31A48F2040029E303 /* PocketKnockitTests */ = {
			isa = PBXGroup;
			children = (
				F3B62CB61A48F2040029E303 /* PocketKnockitTests.swift */,
				F3B62CB41A48F2040029E303 /* Supporting Files */,
			);
			path = PocketKnockitTests;
			sourceTree = "<group>";
		};
		F3B62CB41A48F2040029E303 /* Supporting Files */ = {
			isa = PBXGroup;
			children = (
				F3B62CB51A48F2040029E303 /* Info.plist */,
			);
			name = "Supporting Files";
			sourceTree = "<group>";
		};
/* End PBXGroup section */

/* Begin PBXNativeTarget section */
		F3B62C981A48F2030029E303 /* PocketKnockit */ = {
			isa = PBXNativeTarget;
			buildConfigurationList = F3B62CBA1A48F2040029E303 /* Build configuration list for PBXNativeTarget "PocketKnockit" */;
			buildPhases = (
				F3B62C951A48F2030029E303 /* Sources */,
				F3B62C961A48F2030029E303 /* Frameworks */,
				F3B62C971A48F2030029E303 /* Resources */,
			);
			buildRules = (
			);
			dependencies = (
			);
			name = PocketKnockit;
			productName = PocketKnockit;
			productReference = F3B62C991A48F2030029E303 /* PocketKnockit.app */;
			productType = "com.apple.product-type.application";
		};
		F3B62CAF1A48F2040029E303 /* PocketKnockitTests */ = {
			isa = PBXNativeTarget;
			buildConfigurationList = F3B62CBD1A48F2040029E303 /* Build configuration list for PBXNativeTarget "PocketKnockitTests" */;
			buildPhases = (
				F3B62CAC1A48F2040029E303 /* Sources */,
				F3B62CAD1A48F2040029E303 /* Frameworks */,
				F3B62CAE1A48F2040029E303 /* Resources */,
			);
			buildRules = (
			);
			dependencies = (
				F3B62CB21A48F2040029E303 /* PBXTargetDependency */,
			);
			name = PocketKnockitTests;
			productName = PocketKnockitTests;
			productReference = F3B62CB01A48F2040029E303 /* PocketKnockitTests.xctest */;
			productType = "com.apple.product-type.bundle.unit-test";
		};
/* End PBXNativeTarget section */

/* Begin PBXProject section */
		F3B62C911A48F2030029E303 /* Project object */ = {
			isa = PBXProject;
			attributes = {
				LastUpgradeCheck = 0610;
				ORGANIZATIONNAME = WDMD;
				TargetAttributes = {
					F3B62C981A48F2030029E303 = {
						CreatedOnToolsVersion = 6.1;
					};
					F3B62CAF1A48F2040029E303 = {
						CreatedOnToolsVersion = 6.1;
						TestTargetID = F3B62C981A48F2030029E303;
					};
				};
			};
			buildConfigurationList = F3B62C941A48F2030029E303 /* Build configuration list for PBXProject "PocketKnockit" */;
			compatibilityVersion = "Xcode 3.2";
			developmentRegion = English;
			hasScannedForEncodings = 0;
			knownRegions = (
				en,
				Base,
			);
			mainGroup = F3B62C901A48F2030029E303;
			productRefGroup = F3B62C9A1A48F2030029E303 /* Products */;
			projectDirPath = "";
			projectRoot = "";
			targets = (
				F3B62C981A48F2030029E303 /* PocketKnockit */,
				F3B62CAF1A48F2040029E303 /* PocketKnockitTests */,
			);
		};
/* End PBXProject section */

/* Begin PBXResourcesBuildPhase section */
		F3B62C971A48F2030029E303 /* Resources */ = {
			isa = PBXResourcesBuildPhase;
			buildActionMask = 2147483647;
			files = (
				F3B62CA61A48F2040029E303 /* Main.storyboard in Resources */,
				F3B62CAB1A48F2040029E303 /* LaunchScreen.xib in Resources */,
				F3B62CA81A48F2040029E303 /* Images.xcassets in Resources */,
			);
			runOnlyForDeploymentPostprocessing = 0;
		};
		F3B62CAE1A48F2040029E303 /* Resources */ = {
			isa = PBXResourcesBuildPhase;
			buildActionMask = 2147483647;
			files = (
			);
			runOnlyForDeploymentPostprocessing = 0;
		};
/* End PBXResourcesBuildPhase section */

/* Begin PBXSourcesBuildPhase section */
		F3B62C951A48F2030029E303 /* Sources */ = {
			isa = PBXSourcesBuildPhase;
			buildActionMask = 2147483647;
			files = (
				F3EABAFB1A4BCE7400BCB5A5 /* AddFriendViewController.swift in Sources */,
				F352DB681A4F9C8000F70099 /* MoreTableViewController.swift in Sources */,
				F39CB0AB1A4A732500DB7F4A /* MoreViewController.swift in Sources */,
				F3B62CC91A494E810029E303 /* ContactTableViewCell.swift in Sources */,
				F3B62C9F1A48F2040029E303 /* AppDelegate.swift in Sources */,
				F3B62CA11A48F2040029E303 /* FirstViewController.swift in Sources */,
				F39CB0A91A4A430B00DB7F4A /* RecentsViewController.swift in Sources */,
				F3B62CC11A48F2B40029E303 /* HomeViewController.swift in Sources */,
				F3B62CC71A49495C0029E303 /* ContactsViewController.swift in Sources */,
			);
			runOnlyForDeploymentPostprocessing = 0;
		};
		F3B62CAC1A48F2040029E303 /* Sources */ = {
			isa = PBXSourcesBuildPhase;
			buildActionMask = 2147483647;
			files = (
				F3B62CB71A48F2040029E303 /* PocketKnockitTests.swift in Sources */,
			);
			runOnlyForDeploymentPostprocessing = 0;
		};
/* End PBXSourcesBuildPhase section */

/* Begin PBXTargetDependency section */
		F3B62CB21A48F2040029E303 /* PBXTargetDependency */ = {
			isa = PBXTargetDependency;
			target = F3B62C981A48F2030029E303 /* PocketKnockit */;
			targetProxy = F3B62CB11A48F2040029E303 /* PBXContainerItemProxy */;
		};
/* End PBXTargetDependency section */

/* Begin PBXVariantGroup section */
		F3B62CA41A48F2040029E303 /* Main.storyboard */ = {
			isa = PBXVariantGroup;
			children = (
				F3B62CA51A48F2040029E303 /* Base */,
			);
			name = Main.storyboard;
			sourceTree = "<group>";
		};
		F3B62CA91A48F2040029E303 /* LaunchScreen.xib */ = {
			isa = PBXVariantGroup;
			children = (
				F3B62CAA1A48F2040029E303 /* Base */,
			);
			name = LaunchScreen.xib;
			sourceTree = "<group>";
		};
/* End PBXVariantGroup section */

/* Begin XCBuildConfiguration section */
		F3B62CB81A48F2040029E303 /* Debug */ = {
			isa = XCBuildConfiguration;
			buildSettings = {
				ALWAYS_SEARCH_USER_PATHS = NO;
				CLANG_CXX_LANGUAGE_STANDARD = "gnu++0x";
				CLANG_CXX_LIBRARY = "libc++";
				CLANG_ENABLE_MODULES = YES;
				CLANG_ENABLE_OBJC_ARC = YES;
				CLANG_WARN_BOOL_CONVERSION = YES;
				CLANG_WARN_CONSTANT_CONVERSION = YES;
				CLANG_WARN_DIRECT_OBJC_ISA_USAGE = YES_ERROR;
				CLANG_WARN_EMPTY_BODY = YES;
				CLANG_WARN_ENUM_CONVERSION = YES;
				CLANG_WARN_INT_CONVERSION = YES;
				CLANG_WARN_OBJC_ROOT_CLASS = YES_ERROR;
				CLANG_WARN_UNREACHABLE_CODE = YES;
				CLANG_WARN__DUPLICATE_METHOD_MATCH = YES;
				"CODE_SIGN_IDENTITY[sdk=iphoneos*]" = "iPhone Developer";
				COPY_PHASE_STRIP = NO;
				ENABLE_STRICT_OBJC_MSGSEND = YES;
				GCC_C_LANGUAGE_STANDARD = gnu99;
				GCC_DYNAMIC_NO_PIC = NO;
				GCC_OPTIMIZATION_LEVEL = 0;
				GCC_PREPROCESSOR_DEFINITIONS = (
					"DEBUG=1",
					"$(inherited)",
				);
				GCC_SYMBOLS_PRIVATE_EXTERN = NO;
				GCC_WARN_64_TO_32_BIT_CONVERSION = YES;
				GCC_WARN_ABOUT_RETURN_TYPE = YES_ERROR;
				GCC_WARN_UNDECLARED_SELECTOR = YES;
				GCC_WARN_UNINITIALIZED_AUTOS = YES_AGGRESSIVE;
				GCC_WARN_UNUSED_FUNCTION = YES;
				GCC_WARN_UNUSED_VARIABLE = YES;
				IPHONEOS_DEPLOYMENT_TARGET = 8.1;
				MTL_ENABLE_DEBUG_INFO = YES;
				ONLY_ACTIVE_ARCH = YES;
				SDKROOT = iphoneos;
				SWIFT_OPTIMIZATION_LEVEL = "-Onone";
			};
			name = Debug;
		};
		F3B62CB91A48F2040029E303 /* Release */ = {
			isa = XCBuildConfiguration;
			buildSettings = {
				ALWAYS_SEARCH_USER_PATHS = NO;
				CLANG_CXX_LANGUAGE_STANDARD = "gnu++0x";
				CLANG_CXX_LIBRARY = "libc++";
				CLANG_ENABLE_MODULES = YES;
				CLANG_ENABLE_OBJC_ARC = YES;
				CLANG_WARN_BOOL_CONVERSION = YES;
				CLANG_WARN_CONSTANT_CONVERSION = YES;
				CLANG_WARN_DIRECT_OBJC_ISA_USAGE = YES_ERROR;
				CLANG_WARN_EMPTY_BODY = YES;
				CLANG_WARN_ENUM_CONVERSION = YES;
				CLANG_WARN_INT_CONVERSION = YES;
				CLANG_WARN_OBJC_ROOT_CLASS = YES_ERROR;
				CLANG_WARN_UNREACHABLE_CODE = YES;
				CLANG_WARN__DUPLICATE_METHOD_MATCH = YES;
				"CODE_SIGN_IDENTITY[sdk=iphoneos*]" = "iPhone Developer";
				COPY_PHASE_STRIP = YES;
				ENABLE_NS_ASSERTIONS = NO;
				ENABLE_STRICT_OBJC_MSGSEND = YES;
				GCC_C_LANGUAGE_STANDARD = gnu99;
				GCC_WARN_64_TO_32_BIT_CONVERSION = YES;
				GCC_WARN_ABOUT_RETURN_TYPE = YES_ERROR;
				GCC_WARN_UNDECLARED_SELECTOR = YES;
				GCC_WARN_UNINITIALIZED_AUTOS = YES_AGGRESSIVE;
				GCC_WARN_UNUSED_FUNCTION = YES;
				GCC_WARN_UNUSED_VARIABLE = YES;
				IPHONEOS_DEPLOYMENT_TARGET = 8.1;
				MTL_ENABLE_DEBUG_INFO = NO;
				SDKROOT = iphoneos;
				VALIDATE_PRODUCT = YES;
			};
			name = Release;
		};
		F3B62CBB1A48F2040029E303 /* Debug */ = {
			isa = XCBuildConfiguration;
			buildSettings = {
				ASSETCATALOG_COMPILER_APPICON_NAME = AppIcon;
				CLANG_ENABLE_MODULES = YES;
				FRAMEWORK_SEARCH_PATHS = (
					"$(inherited)",
					"$(PROJECT_DIR)",
				);
				INFOPLIST_FILE = PocketKnockit/Info.plist;
				LD_RUNPATH_SEARCH_PATHS = "$(inherited) @executable_path/Frameworks";
				ONLY_ACTIVE_ARCH = YES;
				PRODUCT_NAME = "$(TARGET_NAME)";
				SWIFT_OBJC_BRIDGING_HEADER = "PocketKnockit-Bridging-Header.h";
				SWIFT_OPTIMIZATION_LEVEL = "-Onone";
			};
			name = Debug;
		};
		F3B62CBC1A48F2040029E303 /* Release */ = {
			isa = XCBuildConfiguration;
			buildSettings = {
				ASSETCATALOG_COMPILER_APPICON_NAME = AppIcon;
				CLANG_ENABLE_MODULES = YES;
				FRAMEWORK_SEARCH_PATHS = (
					"$(inherited)",
					"$(PROJECT_DIR)",
				);
				INFOPLIST_FILE = PocketKnockit/Info.plist;
				LD_RUNPATH_SEARCH_PATHS = "$(inherited) @executable_path/Frameworks";
				ONLY_ACTIVE_ARCH = NO;
				PRODUCT_NAME = "$(TARGET_NAME)";
				SWIFT_OBJC_BRIDGING_HEADER = "PocketKnockit-Bridging-Header.h";
			};
			name = Release;
		};
		F3B62CBE1A48F2040029E303 /* Debug */ = {
			isa = XCBuildConfiguration;
			buildSettings = {
				BUNDLE_LOADER = "$(TEST_HOST)";
				FRAMEWORK_SEARCH_PATHS = (
					"$(SDKROOT)/Developer/Library/Frameworks",
					"$(inherited)",
				);
				GCC_PREPROCESSOR_DEFINITIONS = (
					"DEBUG=1",
					"$(inherited)",
				);
				INFOPLIST_FILE = PocketKnockitTests/Info.plist;
				LD_RUNPATH_SEARCH_PATHS = "$(inherited) @executable_path/Frameworks @loader_path/Frameworks";
				PRODUCT_NAME = "$(TARGET_NAME)";
				TEST_HOST = "$(BUILT_PRODUCTS_DIR)/PocketKnockit.app/PocketKnockit";
			};
			name = Debug;
		};
		F3B62CBF1A48F2040029E303 /* Release */ = {
			isa = XCBuildConfiguration;
			buildSettings = {
				BUNDLE_LOADER = "$(TEST_HOST)";
				FRAMEWORK_SEARCH_PATHS = (
					"$(SDKROOT)/Developer/Library/Frameworks",
					"$(inherited)",
				);
				INFOPLIST_FILE = PocketKnockitTests/Info.plist;
				LD_RUNPATH_SEARCH_PATHS = "$(inherited) @executable_path/Frameworks @loader_path/Frameworks";
				PRODUCT_NAME = "$(TARGET_NAME)";
				TEST_HOST = "$(BUILT_PRODUCTS_DIR)/PocketKnockit.app/PocketKnockit";
			};
			name = Release;
		};
/* End XCBuildConfiguration section */

/* Begin XCConfigurationList section */
		F3B62C941A48F2030029E303 /* Build configuration list for PBXProject "PocketKnockit" */ = {
			isa = XCConfigurationList;
			buildConfigurations = (
				F3B62CB81A48F2040029E303 /* Debug */,
				F3B62CB91A48F2040029E303 /* Release */,
			);
			defaultConfigurationIsVisible = 0;
			defaultConfigurationName = Release;
		};
		F3B62CBA1A48F2040029E303 /* Build configuration list for PBXNativeTarget "PocketKnockit" */ = {
			isa = XCConfigurationList;
			buildConfigurations = (
				F3B62CBB1A48F2040029E303 /* Debug */,
				F3B62CBC1A48F2040029E303 /* Release */,
			);
			defaultConfigurationIsVisible = 0;
			defaultConfigurationName = Release;
		};
		F3B62CBD1A48F2040029E303 /* Build configuration list for PBXNativeTarget "PocketKnockitTests" */ = {
			isa = XCConfigurationList;
			buildConfigurations = (
				F3B62CBE1A48F2040029E303 /* Debug */,
				F3B62CBF1A48F2040029E303 /* Release */,
			);
			defaultConfigurationIsVisible = 0;
			defaultConfigurationName = Release;
		};
/* End XCConfigurationList section */
	};
	rootObject = F3B62C911A48F2030029E303 /* Project object */;
}
